github.com/OrbTools/OrbCommon v0.0.0-20210210190718-26987f35f7fe h1:hypW2DMdummU8SiitR67h2pUwVpcOSfEKU8E0KZCCys=
github.com/OrbTools/OrbCommon v0.0.0-20210210190718-26987f35f7fe/go.mod h1:ErdpS2Y/8Ik89IDNsH+yaOWo/XcKzf4riEBfPG3xK+o=
github.com/bendahl/uinput v1.4.0 h1:aVJhayM1wEv7yXXLvC/fbXMmA1uB+jAspKhXQaV+76U=
github.com/bendahl/uinput v1.4.0/go.mod h1:Np7w3DINc9wB83p12fTAM3DPPhFnAKP0WTXRqCQJ6Z8=
github.com/google/gousb v1.1.1 h1:2sjwXlc0PIBgDnXtNxUrHcD/RRFOmAtRq4QgnFBE6xc=
github.com/google/gousb v1.1.1/go.mod h1:b3uU8itc6dHElt063KJobuVtcKHWEfFOysOqBNzHhLY=
github.com/lxn/win v0.0.0-20201111105847-2a20daff6a55 h1:4BxFx5XCtXc+nFtXDGDW+Uu5sPtsAbvPh6RObj3fG9o=
github.com/lxn/win v0.0.0-20201111105847-2a20daff6a55/go.mod h1:KxxjdtRkfNoYDCUP5ryK7XJJNTnpC8atvtmTheChOtk=
golang.org/x/sys v0.0.0-20201018230417-eeed37f84f13 h1:5jaG59Zhd+8ZXe8C+lgiAGqkOaZBruqrWclLkgAww34=
golang.org/x/sys v0.0.0-20201018230417-eeed37f84f13/go.mod h1:h1NjWce9XRLGQEsW7wpKNCjG9DtNlClVuFLEZdDNbEs=
golang.org/x/sys v0.0.0-20210124154548-22da62e12c0c h1:VwygUrnw9jn88c4u8GD3rZQbqrP/tgas88tPUbBxQrk=
golang.org/x/sys v0.0.0-20210124154548-22da62e12c0c/go.mod h1:h1NjWce9XRLGQEsW7wpKNCjG9DtNlClVuFLEZdDNbEs=
